
Microsoft Visual Studio Solution File, Format Version 12.00
# Visual Studio Version 16
VisualStudioVersion = 16.0.29201.188
MinimumVisualStudioVersion = 10.0.40219.1
Project("{FAE04EC0-301F-11D3-BF4B-00C04F79EFBC}") = "iHerb.Auth.MQ", "iHerb.Auth.MQ.csproj", "{B6F3E704-C33A-4293-BEB0-4E4E9720594A}"
EndProject
Project("{FAE04EC0-301F-11D3-BF4B-00C04F79EFBC}") = "iHerb.Auth.MQ.Test", "..\iHerb.Auth.MQ.Test\iHerb.Auth.MQ.Test.csproj", "{CD764F87-33DD-46C1-AAF3-90274671F934}"
EndProject
Global
	GlobalSection(SolutionConfigurationPlatforms) = preSolution
		Debug|Any CPU = Debug|Any CPU
		Release|Any CPU = Release|Any CPU
	EndGlobalSection
	GlobalSection(ProjectConfigurationPlatforms) = postSolution
		{B6F3E704-C33A-4293-BEB0-4E4E9720594A}.Debug|Any CPU.ActiveCfg = Debug|Any CPU
		{B6F3E704-C33A-4293-BEB0-4E4E9720594A}.Debug|Any CPU.Build.0 = Debug|Any CPU
		{B6F3E704-C33A-4293-BEB0-4E4E9720594A}.Release|Any CPU.ActiveCfg = Release|Any CPU
		{B6F3E704-C33A-4293-BEB0-4E4E9720594A}.Release|Any CPU.Build.0 = Release|Any CPU
		{CD764F87-33DD-46C1-AAF3-90274671F934}.Debug|Any CPU.ActiveCfg = Debug|Any CPU
		{CD764F87-33DD-46C1-AAF3-90274671F934}.Debug|Any CPU.Build.0 = Debug|Any CPU
		{CD764F87-33DD-46C1-AAF3-90274671F934}.Release|Any CPU.ActiveCfg = Release|Any CPU
		{CD764F87-33DD-46C1-AAF3-90274671F934}.Release|Any CPU.Build.0 = Release|Any CPU
	EndGlobalSection
	GlobalSection(SolutionProperties) = preSolution
		HideSolutionNode = FALSE
	EndGlobalSection
	GlobalSection(ExtensibilityGlobals) = postSolution
		SolutionGuid = {78AB6B15-3037-4EDD-BDD6-ABF192E200B4}
	EndGlobalSection
EndGlobal
